
Microsoft Visual Studio Solution File, Format Version 12.00
# Visual Studio Version 16
VisualStudioVersion = 16.0.31605.320
MinimumVisualStudioVersion = 10.0.40219.1
Project("{FAE04EC0-301F-11D3-BF4B-00C04F79EFBC}") = "AppliPendu", "AppliPendu\AppliPendu.csproj", "{4275AE39-23A3-4E40-A4B1-D0A3E6757C2C}"
EndProject
Global
	GlobalSection(SolutionConfigurationPlatforms) = preSolution
		Debug|Any CPU = Debug|Any CPU
		Release|Any CPU = Release|Any CPU
	EndGlobalSection
	GlobalSection(ProjectConfigurationPlatforms) = postSolution
		{4275AE39-23A3-4E40-A4B1-D0A3E6757C2C}.Debug|Any CPU.ActiveCfg = Debug|Any CPU
		{4275AE39-23A3-4E40-A4B1-D0A3E6757C2C}.Debug|Any CPU.Build.0 = Debug|Any CPU
		{4275AE39-23A3-4E40-A4B1-D0A3E6757C2C}.Release|Any CPU.ActiveCfg = Release|Any CPU
		{4275AE39-23A3-4E40-A4B1-D0A3E6757C2C}.Release|Any CPU.Build.0 = Release|Any CPU
	EndGlobalSection
	GlobalSection(SolutionProperties) = preSolution
		HideSolutionNode = FALSE
	EndGlobalSection
	GlobalSection(ExtensibilityGlobals) = postSolution
		SolutionGuid = {DB31CE4B-C04D-4601-AD07-1C0AB4DBC0A3}
	EndGlobalSection
EndGlobal
